
Microsoft Visual Studio Solution File, Format Version 12.00
# Visual Studio 15
VisualStudioVersion = 15.0.28010.2046
MinimumVisualStudioVersion = 10.0.40219.1
Project("{FAE04EC0-301F-11D3-BF4B-00C04F79EFBC}") = "TomsoftZadatak", "TomsoftZadatak\TomsoftZadatak.csproj", "{F4DA3C7F-84BE-4FAC-9A9D-D0F9F98A3BF5}"
EndProject
Global
	GlobalSection(SolutionConfigurationPlatforms) = preSolution
		Debug|Any CPU = Debug|Any CPU
		Release|Any CPU = Release|Any CPU
	EndGlobalSection
	GlobalSection(ProjectConfigurationPlatforms) = postSolution
		{F4DA3C7F-84BE-4FAC-9A9D-D0F9F98A3BF5}.Debug|Any CPU.ActiveCfg = Debug|Any CPU
		{F4DA3C7F-84BE-4FAC-9A9D-D0F9F98A3BF5}.Debug|Any CPU.Build.0 = Debug|Any CPU
		{F4DA3C7F-84BE-4FAC-9A9D-D0F9F98A3BF5}.Release|Any CPU.ActiveCfg = Release|Any CPU
		{F4DA3C7F-84BE-4FAC-9A9D-D0F9F98A3BF5}.Release|Any CPU.Build.0 = Release|Any CPU
	EndGlobalSection
	GlobalSection(SolutionProperties) = preSolution
		HideSolutionNode = FALSE
	EndGlobalSection
	GlobalSection(ExtensibilityGlobals) = postSolution
		SolutionGuid = {274423BC-C132-4E69-A1C8-FA5783D4FA95}
	EndGlobalSection
EndGlobal
